
Microsoft Visual Studio Solution File, Format Version 12.00
# Visual Studio Version 17
VisualStudioVersion = 17.14.36414.22 d17.14
MinimumVisualStudioVersion = 10.0.40219.1
Project("{FAE04EC0-301F-11D3-BF4B-00C04F79EFBC}") = "ReportingHub.Api", "ReportingHub\ReportingHub.Api.csproj", "{125233FC-0D5F-44B5-9F04-56CA292F2E2A}"
EndProject
Project("{FAE04EC0-301F-11D3-BF4B-00C04F79EFBC}") = "ReportingHub.Api.Tests", "ReportingHub.Api.Tests\ReportingHub.Api.Tests.csproj", "{959417F4-858D-4946-9E56-F2FC82B77368}"
EndProject
Global
	GlobalSection(SolutionConfigurationPlatforms) = preSolution
		Debug|Any CPU = Debug|Any CPU
		Release|Any CPU = Release|Any CPU
	EndGlobalSection
	GlobalSection(ProjectConfigurationPlatforms) = postSolution
		{125233FC-0D5F-44B5-9F04-56CA292F2E2A}.Debug|Any CPU.ActiveCfg = Debug|Any CPU
		{125233FC-0D5F-44B5-9F04-56CA292F2E2A}.Debug|Any CPU.Build.0 = Debug|Any CPU
		{125233FC-0D5F-44B5-9F04-56CA292F2E2A}.Release|Any CPU.ActiveCfg = Release|Any CPU
		{125233FC-0D5F-44B5-9F04-56CA292F2E2A}.Release|Any CPU.Build.0 = Release|Any CPU
		{959417F4-858D-4946-9E56-F2FC82B77368}.Debug|Any CPU.ActiveCfg = Debug|Any CPU
		{959417F4-858D-4946-9E56-F2FC82B77368}.Debug|Any CPU.Build.0 = Debug|Any CPU
		{959417F4-858D-4946-9E56-F2FC82B77368}.Release|Any CPU.ActiveCfg = Release|Any CPU
		{959417F4-858D-4946-9E56-F2FC82B77368}.Release|Any CPU.Build.0 = Release|Any CPU
	EndGlobalSection
	GlobalSection(SolutionProperties) = preSolution
		HideSolutionNode = FALSE
	EndGlobalSection
	GlobalSection(ExtensibilityGlobals) = postSolution
		SolutionGuid = {E33EEB96-678E-4CF7-B46E-7C8BF38214B1}
	EndGlobalSection
EndGlobal
